
Microsoft Visual Studio Solution File, Format Version 12.00
Project("{FAE04EC0-301F-11D3-BF4B-00C04F79EFBC}") = "GitSeeker", "GitSeeker.csproj", "{5BE87AF0-3793-4F64-AB2B-F742391E827A}"
EndProject
Global
	GlobalSection(SolutionConfigurationPlatforms) = preSolution
		Debug|Any CPU = Debug|Any CPU
		Release|Any CPU = Release|Any CPU
	EndGlobalSection
	GlobalSection(ProjectConfigurationPlatforms) = postSolution
		{5BE87AF0-3793-4F64-AB2B-F742391E827A}.Debug|Any CPU.ActiveCfg = Debug|Any CPU
		{5BE87AF0-3793-4F64-AB2B-F742391E827A}.Debug|Any CPU.Build.0 = Debug|Any CPU
		{5BE87AF0-3793-4F64-AB2B-F742391E827A}.Release|Any CPU.ActiveCfg = Release|Any CPU
		{5BE87AF0-3793-4F64-AB2B-F742391E827A}.Release|Any CPU.Build.0 = Release|Any CPU
	EndGlobalSection
EndGlobal
